
Microsoft Visual Studio Solution File, Format Version 12.00
# Visual Studio Version 17
VisualStudioVersion = 17.7.33711.374
MinimumVisualStudioVersion = 10.0.40219.1
Project("{9A19103F-16F7-4668-BE54-9A1E7A4F7556}") = "CalendarPlanning.Server", "CalendarPlanning\Server\CalendarPlanning.Server.csproj", "{34F8BB17-F1D3-4C89-A78F-BA357D02FEE2}"
EndProject
Project("{9A19103F-16F7-4668-BE54-9A1E7A4F7556}") = "CalendarPlanning.Client", "CalendarPlanning\Client\CalendarPlanning.Client.csproj", "{D0037A2A-76CC-46B5-B1D4-2E762C063EA9}"
EndProject
Project("{9A19103F-16F7-4668-BE54-9A1E7A4F7556}") = "CalendarPlanning.Shared", "CalendarPlanning\Shared\CalendarPlanning.Shared.csproj", "{4FB5866A-01C0-4A52-976E-8BFBF79DD582}"
EndProject
Project("{E53339B2-1760-4266-BCC7-CA923CBCF16C}") = "docker-compose", "docker-compose.dcproj", "{4E778677-7EFC-4338-99B3-58AF6C353ADD}"
EndProject
Project("{2150E333-8FDC-42A3-9474-1A3956D46DE8}") = "Solution Items", "Solution Items", "{B72FAC1D-B140-40F9-9328-ADC31F6EB1DA}"
	ProjectSection(SolutionItems) = preProject
		README.md = README.md
	EndProjectSection
EndProject
Global
	GlobalSection(SolutionConfigurationPlatforms) = preSolution
		Debug|Any CPU = Debug|Any CPU
		Release|Any CPU = Release|Any CPU
	EndGlobalSection
	GlobalSection(ProjectConfigurationPlatforms) = postSolution
		{34F8BB17-F1D3-4C89-A78F-BA357D02FEE2}.Debug|Any CPU.ActiveCfg = Debug|Any CPU
		{34F8BB17-F1D3-4C89-A78F-BA357D02FEE2}.Debug|Any CPU.Build.0 = Debug|Any CPU
		{34F8BB17-F1D3-4C89-A78F-BA357D02FEE2}.Release|Any CPU.ActiveCfg = Release|Any CPU
		{34F8BB17-F1D3-4C89-A78F-BA357D02FEE2}.Release|Any CPU.Build.0 = Release|Any CPU
		{D0037A2A-76CC-46B5-B1D4-2E762C063EA9}.Debug|Any CPU.ActiveCfg = Debug|Any CPU
		{D0037A2A-76CC-46B5-B1D4-2E762C063EA9}.Debug|Any CPU.Build.0 = Debug|Any CPU
		{D0037A2A-76CC-46B5-B1D4-2E762C063EA9}.Release|Any CPU.ActiveCfg = Release|Any CPU
		{D0037A2A-76CC-46B5-B1D4-2E762C063EA9}.Release|Any CPU.Build.0 = Release|Any CPU
		{4FB5866A-01C0-4A52-976E-8BFBF79DD582}.Debug|Any CPU.ActiveCfg = Debug|Any CPU
		{4FB5866A-01C0-4A52-976E-8BFBF79DD582}.Debug|Any CPU.Build.0 = Debug|Any CPU
		{4FB5866A-01C0-4A52-976E-8BFBF79DD582}.Release|Any CPU.ActiveCfg = Release|Any CPU
		{4FB5866A-01C0-4A52-976E-8BFBF79DD582}.Release|Any CPU.Build.0 = Release|Any CPU
		{4E778677-7EFC-4338-99B3-58AF6C353ADD}.Debug|Any CPU.ActiveCfg = Debug|Any CPU
		{4E778677-7EFC-4338-99B3-58AF6C353ADD}.Debug|Any CPU.Build.0 = Debug|Any CPU
		{4E778677-7EFC-4338-99B3-58AF6C353ADD}.Release|Any CPU.ActiveCfg = Release|Any CPU
		{4E778677-7EFC-4338-99B3-58AF6C353ADD}.Release|Any CPU.Build.0 = Release|Any CPU
	EndGlobalSection
	GlobalSection(SolutionProperties) = preSolution
		HideSolutionNode = FALSE
	EndGlobalSection
	GlobalSection(ExtensibilityGlobals) = postSolution
		SolutionGuid = {479A17B9-6C66-4909-8D7C-36BBC56B4210}
	EndGlobalSection
EndGlobal
